// !$*UTF8*$!
{
	archiveVersion = 1;
	classes = {
	};
	objectVersion = 46;
	objects = {

/* Begin PBXBuildFile section */
		631519BB1DAC9539001B085E /* ViewController2.swift in Sources */ = {isa = PBXBuildFile; fileRef = 631519BA1DAC9539001B085E /* ViewController2.swift */; };
		638209F31DAB796000187103 /* AppDelegate.swift in Sources */ = {isa = PBXBuildFile; fileRef = 638209F21DAB796000187103 /* AppDelegate.swift */; };
		638209F51DAB796000187103 /* ViewController.swift in Sources */ = {isa = PBXBuildFile; fileRef = 638209F41DAB796000187103 /* ViewController.swift */; };
		638209F81DAB796000187103 /* Main.storyboard in Resources */ = {isa = PBXBuildFile; fileRef = 638209F61DAB796000187103 /* Main.storyboard */; };
		638209FA1DAB796000187103 /* Assets.xcassets in Resources */ = {isa = PBXBuildFile; fileRef = 638209F91DAB796000187103 /* Assets.xcassets */; };
		638209FD1DAB796000187103 /* LaunchScreen.storyboard in Resources */ = {isa = PBXBuildFile; fileRef = 638209FB1DAB796000187103 /* LaunchScreen.storyboard */; };
		63820A081DAB796000187103 /* demoCollectionViewTests.swift in Sources */ = {isa = PBXBuildFile; fileRef = 63820A071DAB796000187103 /* demoCollectionViewTests.swift */; };
		63820A131DAB796000187103 /* demoCollectionViewUITests.swift in Sources */ = {isa = PBXBuildFile; fileRef = 63820A121DAB796000187103 /* demoCollectionViewUITests.swift */; };
/* End PBXBuildFile section */

/* Begin PBXContainerItemProxy section */
		63820A041DAB796000187103 /* PBXContainerItemProxy */ = {
			isa = PBXContainerItemProxy;
			containerPortal = 638209E71DAB795F00187103 /* Project object */;
			proxyType = 1;
			remoteGlobalIDString = 638209EE1DAB796000187103;
			remoteInfo = demoCollectionView;
		};
		63820A0F1DAB796000187103 /* PBXContainerItemProxy */ = {
			isa = PBXContainerItemProxy;
			containerPortal = 638209E71DAB795F00187103 /* Project object */;
			proxyType = 1;
			remoteGlobalIDString = 638209EE1DAB796000187103;
			remoteInfo = demoCollectionView;
		};
/* End PBXContainerItemProxy section */

/* Begin PBXFileReference section */
		631519BA1DAC9539001B085E /* ViewController2.swift */ = {isa = PBXFileReference; fileEncoding = 4; lastKnownFileType = sourcecode.swift; path = ViewController2.swift; sourceTree = "<group>"; };
		638209EF1DAB796000187103 /* demoCollectionView.app */ = {isa = PBXFileReference; explicitFileType = wrapper.application; includeInIndex = 0; path = demoCollectionView.app; sourceTree = BUILT_PRODUCTS_DIR; };
		638209F21DAB796000187103 /* AppDelegate.swift */ = {isa = PBXFileReference; lastKnownFileType = sourcecode.swift; path = AppDelegate.swift; sourceTree = "<group>"; };
		638209F41DAB796000187103 /* ViewController.swift */ = {isa = PBXFileReference; lastKnownFileType = sourcecode.swift; path = ViewController.swift; sourceTree = "<group>"; };
		638209F71DAB796000187103 /* Base */ = {isa = PBXFileReference; lastKnownFileType = file.storyboard; name = Base; path = Base.lproj/Main.storyboard; sourceTree = "<group>"; };
		638209F91DAB796000187103 /* Assets.xcassets */ = {isa = PBXFileReference; lastKnownFileType = folder.assetcatalog; path = Assets.xcassets; sourceTree = "<group>"; };
		638209FC1DAB796000187103 /* Base */ = {isa = PBXFileReference; lastKnownFileType = file.storyboard; name = Base; path = Base.lproj/LaunchScreen.storyboard; sourceTree = "<group>"; };
		638209FE1DAB796000187103 /* Info.plist */ = {isa = PBXFileReference; lastKnownFileType = text.plist.xml; path = Info.plist; sourceTree = "<group>"; };
		63820A031DAB796000187103 /* demoCollectionViewTests.xctest */ = {isa = PBXFileReference; explicitFileType = wrapper.cfbundle; includeInIndex = 0; path = demoCollectionViewTests.xctest; sourceTree = BUILT_PRODUCTS_DIR; };
		63820A071DAB796000187103 /* demoCollectionViewTests.swift */ = {isa = PBXFileReference; lastKnownFileType = sourcecode.swift; path = demoCollectionViewTests.swift; sourceTree = "<group>"; };
		63820A091DAB796000187103 /* Info.plist */ = {isa = PBXFileReference; lastKnownFileType = text.plist.xml; path = Info.plist; sourceTree = "<group>"; };
		63820A0E1DAB796000187103 /* demoCollectionViewUITests.xctest */ = {isa = PBXFileReference; explicitFileType = wrapper.cfbundle; includeInIndex = 0; path = demoCollectionViewUITests.xctest; sourceTree = BUILT_PRODUCTS_DIR; };
		63820A121DAB796000187103 /* demoCollectionViewUITests.swift */ = {isa = PBXFileReference; lastKnownFileType = sourcecode.swift; path = demoCollectionViewUITests.swift; sourceTree = "<group>"; };
		63820A141DAB796000187103 /* Info.plist */ = {isa = PBXFileReference; lastKnownFileType = text.plist.xml; path = Info.plist; sourceTree = "<group>"; };
/* End PBXFileReference section */

/* Begin PBXFrameworksBuildPhase section */
		638209EC1DAB796000187103 /* Frameworks */ = {
			isa = PBXFrameworksBuildPhase;
			buildActionMask = 2147483647;
			files = (
			);
			runOnlyForDeploymentPostprocessing = 0;
		};
		63820A001DAB796000187103 /* Frameworks */ = {
			isa = PBXFrameworksBuildPhase;
			buildActionMask = 2147483647;
			files = (
			);
			runOnlyForDeploymentPostprocessing = 0;
		};
		63820A0B1DAB796000187103 /* Frameworks */ = {
			isa = PBXFrameworksBuildPhase;
			buildActionMask = 2147483647;
			files = (
			);
			runOnlyForDeploymentPostprocessing = 0;
		};
/* End PBXFrameworksBuildPhase section */

/* Begin PBXGroup section */
		638209E61DAB795F00187103 = {
			isa = PBXGroup;
			children = (
				638209F11DAB796000187103 /* demoCollectionView */,
				63820A061DAB796000187103 /* demoCollectionViewTests */,
				63820A111DAB796000187103 /* demoCollectionViewUITests */,
				638209F01DAB796000187103 /* Products */,
			);
			sourceTree = "<group>";
		};
		638209F01DAB796000187103 /* Products */ = {
			isa = PBXGroup;
			children = (
				638209EF1DAB796000187103 /* demoCollectionView.app */,
				63820A031DAB796000187103 /* demoCollectionViewTests.xctest */,
				63820A0E1DAB796000187103 /* demoCollectionViewUITests.xctest */,
			);
			name = Products;
			sourceTree = "<group>";
		};
		638209F11DAB796000187103 /* demoCollectionView */ = {
			isa = PBXGroup;
			children = (
				638209F21DAB796000187103 /* AppDelegate.swift */,
				638209F41DAB796000187103 /* ViewController.swift */,
				631519BA1DAC9539001B085E /* ViewController2.swift */,
				638209F61DAB796000187103 /* Main.storyboard */,
				638209F91DAB796000187103 /* Assets.xcassets */,
				638209FB1DAB796000187103 /* LaunchScreen.storyboard */,
				638209FE1DAB796000187103 /* Info.plist */,
			);
			path = demoCollectionView;
			sourceTree = "<group>";
		};
		63820A061DAB796000187103 /* demoCollectionViewTests */ = {
			isa = PBXGroup;
			children = (
				63820A071DAB796000187103 /* demoCollectionViewTests.swift */,
				63820A091DAB796000187103 /* Info.plist */,
			);
			path = demoCollectionViewTests;
			sourceTree = "<group>";
		};
		63820A111DAB796000187103 /* demoCollectionViewUITests */ = {
			isa = PBXGroup;
			children = (
				63820A121DAB796000187103 /* demoCollectionViewUITests.swift */,
				63820A141DAB796000187103 /* Info.plist */,
			);
			path = demoCollectionViewUITests;
			sourceTree = "<group>";
		};
/* End PBXGroup section */

/* Begin PBXNativeTarget section */
		638209EE1DAB796000187103 /* demoCollectionView */ = {
			isa = PBXNativeTarget;
			buildConfigurationList = 63820A171DAB796000187103 /* Build configuration list for PBXNativeTarget "demoCollectionView" */;
			buildPhases = (
				638209EB1DAB796000187103 /* Sources */,
				638209EC1DAB796000187103 /* Frameworks */,
				638209ED1DAB796000187103 /* Resources */,
			);
			buildRules = (
			);
			dependencies = (
			);
			name = demoCollectionView;
			productName = demoCollectionView;
			productReference = 638209EF1DAB796000187103 /* demoCollectionView.app */;
			productType = "com.apple.product-type.application";
		};
		63820A021DAB796000187103 /* demoCollectionViewTests */ = {
			isa = PBXNativeTarget;
			buildConfigurationList = 63820A1A1DAB796000187103 /* Build configuration list for PBXNativeTarget "demoCollectionViewTests" */;
			buildPhases = (
				638209FF1DAB796000187103 /* Sources */,
				63820A001DAB796000187103 /* Frameworks */,
				63820A011DAB796000187103 /* Resources */,
			);
			buildRules = (
			);
			dependencies = (
				63820A051DAB796000187103 /* PBXTargetDependency */,
			);
			name = demoCollectionViewTests;
			productName = demoCollectionViewTests;
			productReference = 63820A031DAB796000187103 /* demoCollectionViewTests.xctest */;
			productType = "com.apple.product-type.bundle.unit-test";
		};
		63820A0D1DAB796000187103 /* demoCollectionViewUITests */ = {
			isa = PBXNativeTarget;
			buildConfigurationList = 63820A1D1DAB796000187103 /* Build configuration list for PBXNativeTarget "demoCollectionViewUITests" */;
			buildPhases = (
				63820A0A1DAB796000187103 /* Sources */,
				63820A0B1DAB796000187103 /* Frameworks */,
				63820A0C1DAB796000187103 /* Resources */,
			);
			buildRules = (
			);
			dependencies = (
				63820A101DAB796000187103 /* PBXTargetDependency */,
			);
			name = demoCollectionViewUITests;
			productName = demoCollectionViewUITests;
			productReference = 63820A0E1DAB796000187103 /* demoCollectionViewUITests.xctest */;
			productType = "com.apple.product-type.bundle.ui-testing";
		};
/* End PBXNativeTarget section */

/* Begin PBXProject section */
		638209E71DAB795F00187103 /* Project object */ = {
			isa = PBXProject;
			attributes = {
				LastSwiftUpdateCheck = 0800;
				LastUpgradeCheck = 0800;
				ORGANIZATIONNAME = "Anh Lê Việt";
				TargetAttributes = {
					638209EE1DAB796000187103 = {
						CreatedOnToolsVersion = 8.0;
						DevelopmentTeam = KR69KB8PHL;
						ProvisioningStyle = Automatic;
					};
					63820A021DAB796000187103 = {
						CreatedOnToolsVersion = 8.0;
						ProvisioningStyle = Automatic;
						TestTargetID = 638209EE1DAB796000187103;
					};
					63820A0D1DAB796000187103 = {
						CreatedOnToolsVersion = 8.0;
						ProvisioningStyle = Automatic;
						TestTargetID = 638209EE1DAB796000187103;
					};
				};
			};
			buildConfigurationList = 638209EA1DAB795F00187103 /* Build configuration list for PBXProject "demoCollectionView" */;
			compatibilityVersion = "Xcode 3.2";
			developmentRegion = English;
			hasScannedForEncodings = 0;
			knownRegions = (
				en,
				Base,
			);
			mainGroup = 638209E61DAB795F00187103;
			productRefGroup = 638209F01DAB796000187103 /* Products */;
			projectDirPath = "";
			projectRoot = "";
			targets = (
				638209EE1DAB796000187103 /* demoCollectionView */,
				63820A021DAB796000187103 /* demoCollectionViewTests */,
				63820A0D1DAB796000187103 /* demoCollectionViewUITests */,
			);
		};
/* End PBXProject section */

/* Begin PBXResourcesBuildPhase section */
		638209ED1DAB796000187103 /* Resources */ = {
			isa = PBXResourcesBuildPhase;
			buildActionMask = 2147483647;
			files = (
				638209FD1DAB796000187103 /* LaunchScreen.storyboard in Resources */,
				638209FA1DAB796000187103 /* Assets.xcassets in Resources */,
				638209F81DAB796000187103 /* Main.storyboard in Resources */,
			);
			runOnlyForDeploymentPostprocessing = 0;
		};
		63820A011DAB796000187103 /* Resources */ = {
			isa = PBXResourcesBuildPhase;
			buildActionMask = 2147483647;
			files = (
			);
			runOnlyForDeploymentPostprocessing = 0;
		};
		63820A0C1DAB796000187103 /* Resources */ = {
			isa = PBXResourcesBuildPhase;
			buildActionMask = 2147483647;
			files = (
			);
			runOnlyForDeploymentPostprocessing = 0;
		};
/* End PBXResourcesBuildPhase section */

/* Begin PBXSourcesBuildPhase section */
		638209EB1DAB796000187103 /* Sources */ = {
			isa = PBXSourcesBuildPhase;
			buildActionMask = 2147483647;
			files = (
				638209F51DAB796000187103 /* ViewController.swift in Sources */,
				638209F31DAB796000187103 /* AppDelegate.swift in Sources */,
				631519BB1DAC9539001B085E /* ViewController2.swift in Sources */,
			);
			runOnlyForDeploymentPostprocessing = 0;
		};
		638209FF1DAB796000187103 /* Sources */ = {
			isa = PBXSourcesBuildPhase;
			buildActionMask = 2147483647;
			files = (
				63820A081DAB796000187103 /* demoCollectionViewTests.swift in Sources */,
			);
			runOnlyForDeploymentPostprocessing = 0;
		};
		63820A0A1DAB796000187103 /* Sources */ = {
			isa = PBXSourcesBuildPhase;
			buildActionMask = 2147483647;
			files = (
				63820A131DAB796000187103 /* demoCollectionViewUITests.swift in Sources */,
			);
			runOnlyForDeploymentPostprocessing = 0;
		};
/* End PBXSourcesBuildPhase section */

/* Begin PBXTargetDependency section */
		63820A051DAB796000187103 /* PBXTargetDependency */ = {
			isa = PBXTargetDependency;
			target = 638209EE1DAB796000187103 /* demoCollectionView */;
			targetProxy = 63820A041DAB796000187103 /* PBXContainerItemProxy */;
		};
		63820A101DAB796000187103 /* PBXTargetDependency */ = {
			isa = PBXTargetDependency;
			target = 638209EE1DAB796000187103 /* demoCollectionView */;
			targetProxy = 63820A0F1DAB796000187103 /* PBXContainerItemProxy */;
		};
/* End PBXTargetDependency section */

/* Begin PBXVariantGroup section */
		638209F61DAB796000187103 /* Main.storyboard */ = {
			isa = PBXVariantGroup;
			children = (
				638209F71DAB796000187103 /* Base */,
			);
			name = Main.storyboard;
			sourceTree = "<group>";
		};
		638209FB1DAB796000187103 /* LaunchScreen.storyboard */ = {
			isa = PBXVariantGroup;
			children = (
				638209FC1DAB796000187103 /* Base */,
			);
			name = LaunchScreen.storyboard;
			sourceTree = "<group>";
		};
/* End PBXVariantGroup section */

/* Begin XCBuildConfiguration section */
		63820A151DAB796000187103 /* Debug */ = {
			isa = XCBuildConfiguration;
			buildSettings = {
				ALWAYS_SEARCH_USER_PATHS = NO;
				CLANG_ANALYZER_NONNULL = YES;
				CLANG_CXX_LANGUAGE_STANDARD = "gnu++0x";
				CLANG_CXX_LIBRARY = "libc++";
				CLANG_ENABLE_MODULES = YES;
				CLANG_ENABLE_OBJC_ARC = YES;
				CLANG_WARN_BOOL_CONVERSION = YES;
				CLANG_WARN_CONSTANT_CONVERSION = YES;
				CLANG_WARN_DIRECT_OBJC_ISA_USAGE = YES_ERROR;
				CLANG_WARN_DOCUMENTATION_COMMENTS = YES;
				CLANG_WARN_EMPTY_BODY = YES;
				CLANG_WARN_ENUM_CONVERSION = YES;
				CLANG_WARN_INFINITE_RECURSION = YES;
				CLANG_WARN_INT_CONVERSION = YES;
				CLANG_WARN_OBJC_ROOT_CLASS = YES_ERROR;
				CLANG_WARN_SUSPICIOUS_MOVES = YES;
				CLANG_WARN_UNREACHABLE_CODE = YES;
				CLANG_WARN__DUPLICATE_METHOD_MATCH = YES;
				"CODE_SIGN_IDENTITY[sdk=iphoneos*]" = "iPhone Developer";
				COPY_PHASE_STRIP = NO;
				DEBUG_INFORMATION_FORMAT = dwarf;
				ENABLE_STRICT_OBJC_MSGSEND = YES;
				ENABLE_TESTABILITY = YES;
				GCC_C_LANGUAGE_STANDARD = gnu99;
				GCC_DYNAMIC_NO_PIC = NO;
				GCC_NO_COMMON_BLOCKS = YES;
				GCC_OPTIMIZATION_LEVEL = 0;
				GCC_PREPROCESSOR_DEFINITIONS = (
					"DEBUG=1",
					"$(inherited)",
				);
				GCC_WARN_64_TO_32_BIT_CONVERSION = YES;
				GCC_WARN_ABOUT_RETURN_TYPE = YES_ERROR;
				GCC_WARN_UNDECLARED_SELECTOR = YES;
				GCC_WARN_UNINITIALIZED_AUTOS = YES_AGGRESSIVE;
				GCC_WARN_UNUSED_FUNCTION = YES;
				GCC_WARN_UNUSED_VARIABLE = YES;
				IPHONEOS_DEPLOYMENT_TARGET = 10.0;
				MTL_ENABLE_DEBUG_INFO = YES;
				ONLY_ACTIVE_ARCH = YES;
				SDKROOT = iphoneos;
				SWIFT_ACTIVE_COMPILATION_CONDITIONS = DEBUG;
				SWIFT_OPTIMIZATION_LEVEL = "-Onone";
				TARGETED_DEVICE_FAMILY = "1,2";
			};
			name = Debug;
		};
		63820A161DAB796000187103 /* Release */ = {
			isa = XCBuildConfiguration;
			buildSettings = {
				ALWAYS_SEARCH_USER_PATHS = NO;
				CLANG_ANALYZER_NONNULL = YES;
				CLANG_CXX_LANGUAGE_STANDARD = "gnu++0x";
				CLANG_CXX_LIBRARY = "libc++";
				CLANG_ENABLE_MODULES = YES;
				CLANG_ENABLE_OBJC_ARC = YES;
				CLANG_WARN_BOOL_CONVERSION = YES;
				CLANG_WARN_CONSTANT_CONVERSION = YES;
				CLANG_WARN_DIRECT_OBJC_ISA_USAGE = YES_ERROR;
				CLANG_WARN_DOCUMENTATION_COMMENTS = YES;
				CLANG_WARN_EMPTY_BODY = YES;
				CLANG_WARN_ENUM_CONVERSION = YES;
				CLANG_WARN_INFINITE_RECURSION = YES;
				CLANG_WARN_INT_CONVERSION = YES;
				CLANG_WARN_OBJC_ROOT_CLASS = YES_ERROR;
				CLANG_WARN_SUSPICIOUS_MOVES = YES;
				CLANG_WARN_UNREACHABLE_CODE = YES;
				CLANG_WARN__DUPLICATE_METHOD_MATCH = YES;
				"CODE_SIGN_IDENTITY[sdk=iphoneos*]" = "iPhone Developer";
				COPY_PHASE_STRIP = NO;
				DEBUG_INFORMATION_FORMAT = "dwarf-with-dsym";
				ENABLE_NS_ASSERTIONS = NO;
				ENABLE_STRICT_OBJC_MSGSEND = YES;
				GCC_C_LANGUAGE_STANDARD = gnu99;
				GCC_NO_COMMON_BLOCKS = YES;
				GCC_WARN_64_TO_32_BIT_CONVERSION = YES;
				GCC_WARN_ABOUT_RETURN_TYPE = YES_ERROR;
				GCC_WARN_UNDECLARED_SELECTOR = YES;
				GCC_WARN_UNINITIALIZED_AUTOS = YES_AGGRESSIVE;
				GCC_WARN_UNUSED_FUNCTION = YES;
				GCC_WARN_UNUSED_VARIABLE = YES;
				IPHONEOS_DEPLOYMENT_TARGET = 10.0;
				MTL_ENABLE_DEBUG_INFO = NO;
				SDKROOT = iphoneos;
				SWIFT_OPTIMIZATION_LEVEL = "-Owholemodule";
				TARGETED_DEVICE_FAMILY = "1,2";
				VALIDATE_PRODUCT = YES;
			};
			name = Release;
		};
		63820A181DAB796000187103 /* Debug */ = {
			isa = XCBuildConfiguration;
			buildSettings = {
				ASSETCATALOG_COMPILER_APPICON_NAME = AppIcon;
				DEVELOPMENT_TEAM = KR69KB8PHL;
				INFOPLIST_FILE = demoCollectionView/Info.plist;
				LD_RUNPATH_SEARCH_PATHS = "$(inherited) @executable_path/Frameworks";
				PRODUCT_BUNDLE_IDENTIFIER = com.Em.demoCollectionView;
				PRODUCT_NAME = "$(TARGET_NAME)";
				SWIFT_VERSION = 3.0;
			};
			name = Debug;
		};
		63820A191DAB796000187103 /* Release */ = {
			isa = XCBuildConfiguration;
			buildSettings = {
				ASSETCATALOG_COMPILER_APPICON_NAME = AppIcon;
				DEVELOPMENT_TEAM = KR69KB8PHL;
				INFOPLIST_FILE = demoCollectionView/Info.plist;
				LD_RUNPATH_SEARCH_PATHS = "$(inherited) @executable_path/Frameworks";
				PRODUCT_BUNDLE_IDENTIFIER = com.Em.demoCollectionView;
				PRODUCT_NAME = "$(TARGET_NAME)";
				SWIFT_VERSION = 3.0;
			};
			name = Release;
		};
		63820A1B1DAB796000187103 /* Debug */ = {
			isa = XCBuildConfiguration;
			buildSettings = {
				ALWAYS_EMBED_SWIFT_STANDARD_LIBRARIES = YES;
				BUNDLE_LOADER = "$(TEST_HOST)";
				INFOPLIST_FILE = demoCollectionViewTests/Info.plist;
				LD_RUNPATH_SEARCH_PATHS = "$(inherited) @executable_path/Frameworks @loader_path/Frameworks";
				PRODUCT_BUNDLE_IDENTIFIER = com.example.Anh.demoCollectionViewTests;
				PRODUCT_NAME = "$(TARGET_NAME)";
				SWIFT_VERSION = 3.0;
				TEST_HOST = "$(BUILT_PRODUCTS_DIR)/demoCollectionView.app/demoCollectionView";
			};
			name = Debug;
		};
		63820A1C1DAB796000187103 /* Release */ = {
			isa = XCBuildConfiguration;
			buildSettings = {
				ALWAYS_EMBED_SWIFT_STANDARD_LIBRARIES = YES;
				BUNDLE_LOADER = "$(TEST_HOST)";
				INFOPLIST_FILE = demoCollectionViewTests/Info.plist;
				LD_RUNPATH_SEARCH_PATHS = "$(inherited) @executable_path/Frameworks @loader_path/Frameworks";
				PRODUCT_BUNDLE_IDENTIFIER = com.example.Anh.demoCollectionViewTests;
				PRODUCT_NAME = "$(TARGET_NAME)";
				SWIFT_VERSION = 3.0;
				TEST_HOST = "$(BUILT_PRODUCTS_DIR)/demoCollectionView.app/demoCollectionView";
			};
			name = Release;
		};
		63820A1E1DAB796000187103 /* Debug */ = {
			isa = XCBuildConfiguration;
			buildSettings = {
				ALWAYS_EMBED_SWIFT_STANDARD_LIBRARIES = YES;
				INFOPLIST_FILE = demoCollectionViewUITests/Info.plist;
				LD_RUNPATH_SEARCH_PATHS = "$(inherited) @executable_path/Frameworks @loader_path/Frameworks";
				PRODUCT_BUNDLE_IDENTIFIER = com.example.Anh.demoCollectionViewUITests;
				PRODUCT_NAME = "$(TARGET_NAME)";
				SWIFT_VERSION = 3.0;
				TEST_TARGET_NAME = demoCollectionView;
			};
			name = Debug;
		};
		63820A1F1DAB796000187103 /* Release */ = {
			isa = XCBuildConfiguration;
			buildSettings = {
				ALWAYS_EMBED_SWIFT_STANDARD_LIBRARIES = YES;
				INFOPLIST_FILE = demoCollectionViewUITests/Info.plist;
				LD_RUNPATH_SEARCH_PATHS = "$(inherited) @executable_path/Frameworks @loader_path/Frameworks";
				PRODUCT_BUNDLE_IDENTIFIER = com.example.Anh.demoCollectionViewUITests;
				PRODUCT_NAME = "$(TARGET_NAME)";
				SWIFT_VERSION = 3.0;
				TEST_TARGET_NAME = demoCollectionView;
			};
			name = Release;
		};
/* End XCBuildConfiguration section */

/* Begin XCConfigurationList section */
		638209EA1DAB795F00187103 /* Build configuration list for PBXProject "demoCollectionView" */ = {
			isa = XCConfigurationList;
			buildConfigurations = (
				63820A151DAB796000187103 /* Debug */,
				63820A161DAB796000187103 /* Release */,
			);
			defaultConfigurationIsVisible = 0;
			defaultConfigurationName = Release;
		};
		63820A171DAB796000187103 /* Build configuration list for PBXNativeTarget "demoCollectionView" */ = {
			isa = XCConfigurationList;
			buildConfigurations = (
				63820A181DAB796000187103 /* Debug */,
				63820A191DAB796000187103 /* Release */,
			);
			defaultConfigurationIsVisible = 0;
			defaultConfigurationName = Release;
		};
		63820A1A1DAB796000187103 /* Build configuration list for PBXNativeTarget "demoCollectionViewTests" */ = {
			isa = XCConfigurationList;
			buildConfigurations = (
				63820A1B1DAB796000187103 /* Debug */,
				63820A1C1DAB796000187103 /* Release */,
			);
			defaultConfigurationIsVisible = 0;
			defaultConfigurationName = Release;
		};
		63820A1D1DAB796000187103 /* Build configuration list for PBXNativeTarget "demoCollectionViewUITests" */ = {
			isa = XCConfigurationList;
			buildConfigurations = (
				63820A1E1DAB796000187103 /* Debug */,
				63820A1F1DAB796000187103 /* Release */,
			);
			defaultConfigurationIsVisible = 0;
			defaultConfigurationName = Release;
		};
/* End XCConfigurationList section */
	};
	rootObject = 638209E71DAB795F00187103 /* Project object */;
}
